<?xml version="1.0" encoding="UTF-8" standalone="yes" ?>
<CodeBlocks_project_file>
	<FileVersion major="1" minor="6" />
	<Project>
		<Option title="LexicalAnalyzerFinal" />
		<Option pch_mode="2" />
		<Option compiler="gcc" />
		<Option virtualFolders="src/;" />
		<Build>
			<Target title="Debug">
				<Option output="bin/Debug/LexicalAnalyzerFinal" prefix_auto="1" extension_auto="1" />
				<Option object_output="obj/Debug/" />
				<Option type="1" />
				<Option compiler="gcc" />
				<Compiler>
					<Add option="-g" />
					<Add directory="include" />
				</Compiler>
			</Target>
			<Target title="Release">
				<Option output="bin/Release/LexicalAnalyzerFinal" prefix_auto="1" extension_auto="1" />
				<Option object_output="obj/Release/" />
				<Option type="1" />
				<Option compiler="gcc" />
				<Compiler>
					<Add option="-O2" />
					<Add directory="include" />
				</Compiler>
				<Linker>
					<Add option="-s" />
				</Linker>
			</Target>
		</Build>
		<Compiler>
			<Add option="-Wall" />
			<Add option="-fexceptions" />
		</Compiler>
		<Unit filename="include/Automata.h" />
		<Unit filename="include/Automata_maker.h" />
		<Unit filename="include/DfaCreator.h" />
		<Unit filename="include/Engine.h" />
		<Unit filename="include/File_Reader.h" />
		<Unit filename="include/Input_file.h" />
		<Unit filename="include/Minimization.h" />
		<Unit filename="include/Parser.h" />
		<Unit filename="include/Table_Constructor.h" />
		<Unit filename="include/input_analyzer.h" />
		<Unit filename="include/node.h" />
		<Unit filename="main.cpp">
			<Option virtualFolder="src/" />
		</Unit>
		<Unit filename="src/Automata.cpp" />
		<Unit filename="src/Automata_maker.cpp" />
		<Unit filename="src/DfaCreator.cpp" />
		<Unit filename="src/Engine.cpp" />
		<Unit filename="src/File_Reader.cpp" />
		<Unit filename="src/Input_file.cpp" />
		<Unit filename="src/Minimization.cpp" />
		<Unit filename="src/Parser.cpp" />
		<Unit filename="src/Table_Constructor.cpp">
			<Option virtualFolder="src/" />
		</Unit>
		<Unit filename="src/input_analyzer.cpp" />
		<Unit filename="src/node.cpp" />
		<Extensions>
			<code_completion />
			<debugger />
		</Extensions>
	</Project>
</CodeBlocks_project_file>
